
Microsoft Visual Studio Solution File, Format Version 12.00
# Visual Studio Version 16
VisualStudioVersion = 16.0.30804.86
MinimumVisualStudioVersion = 10.0.40219.1
Project("{9A19103F-16F7-4668-BE54-9A1E7A4F7556}") = "SharpTrends", "SharpTrends\SharpTrends.csproj", "{3EAB9D43-FE0D-487E-8AF4-F45A495A67B0}"
EndProject
Project("{FAE04EC0-301F-11D3-BF4B-00C04F79EFBC}") = "Examples", "Examples\Examples.csproj", "{290DD673-7FA1-49DC-B6EA-3741FE8A7C9A}"
EndProject
Global
	GlobalSection(SolutionConfigurationPlatforms) = preSolution
		Debug|Any CPU = Debug|Any CPU
		Release|Any CPU = Release|Any CPU
	EndGlobalSection
	GlobalSection(ProjectConfigurationPlatforms) = postSolution
		{3EAB9D43-FE0D-487E-8AF4-F45A495A67B0}.Debug|Any CPU.ActiveCfg = Debug|Any CPU
		{3EAB9D43-FE0D-487E-8AF4-F45A495A67B0}.Debug|Any CPU.Build.0 = Debug|Any CPU
		{3EAB9D43-FE0D-487E-8AF4-F45A495A67B0}.Release|Any CPU.ActiveCfg = Release|Any CPU
		{3EAB9D43-FE0D-487E-8AF4-F45A495A67B0}.Release|Any CPU.Build.0 = Release|Any CPU
		{290DD673-7FA1-49DC-B6EA-3741FE8A7C9A}.Debug|Any CPU.ActiveCfg = Debug|Any CPU
		{290DD673-7FA1-49DC-B6EA-3741FE8A7C9A}.Debug|Any CPU.Build.0 = Debug|Any CPU
		{290DD673-7FA1-49DC-B6EA-3741FE8A7C9A}.Release|Any CPU.ActiveCfg = Release|Any CPU
		{290DD673-7FA1-49DC-B6EA-3741FE8A7C9A}.Release|Any CPU.Build.0 = Release|Any CPU
	EndGlobalSection
	GlobalSection(SolutionProperties) = preSolution
		HideSolutionNode = FALSE
	EndGlobalSection
	GlobalSection(ExtensibilityGlobals) = postSolution
		SolutionGuid = {76B9EDDE-5E46-4BA3-B952-4D1619D637FB}
	EndGlobalSection
EndGlobal
